{
  "nodes": {
    "nixpkgs": {
      "locked": {
        "lastModified": 1722441592,
        "narHash": "sha256-kSeEfgBdjk6QLx3m1126CDx+4FZpauzfeSgAwFiEplY=",
        "owner": "NixOS",
        "repo": "nixpkgs",
        "rev": "4cb20719871d4c0e5f1edbca8b287d83e2ae88ca",
        "type": "github"
      },
      "original": {
        "owner": "NixOS",
        "repo": "nixpkgs",
        "type": "github"
      }
    },
    "root": {
      "inputs": {
        "nixpkgs": "nixpkgs"
      }
    }
  },
  "root": "root",
  "version": 7
}
