{
  "requires": true,
  "lockfileVersion": 1,
  "dependencies": {
    "sanitize.css": {
      "version": "11.0.0",
      "resolved": "https://registry.npmjs.org/sanitize.css/-/sanitize.css-11.0.0.tgz",
      "integrity": "sha512-Ox0X2lk0kOGeODJgT9S9HFv0j5Cz89ir9ILylj62/vejHPdMmahmetfocoQwyiAnseeXyDa+KIbO6ZQJe5n2Lg=="
    }
  }
}
