# This file was autogenerated by Stack.
# You should not edit this file by hand.
# For more information, please see the documentation at:
#   https://docs.haskellstack.org/en/stable/lock_files

packages:
- completed:
    hackage: wai-make-assets-0.2@sha256:c27822194ab5f203edbc51270c8e796af4e5172023ffde68ff479e715bde75c1,2028
    pantry-tree:
      size: 417
      sha256: b4ef29fd6ea685aae13276ee96ead1339a5eb3e739f2794a3ff4421e80cfaa60
  original:
    hackage: wai-make-assets-0.2
- completed:
    hackage: servant-options-0.1.0.0@sha256:39f50166a68006250e79370372f553ca476f14d06d93fa0c401050253aeba803,914
    pantry-tree:
      size: 293
      sha256: 7812baf1b27c62068ba634207fbd7077b886424d666b36739a78c6d4008a1fd4
  original:
    hackage: servant-options-0.1.0.0
- completed:
    hackage: acid-state-0.16.0@sha256:a5640fd8d99bdb5f152476a2ae56cc8eb81864b280c8ec7d1387e81296ed844d,6190
    pantry-tree:
      size: 13678
      sha256: c6e4b7f00d2a500e6286beafe3a2da7ba898a9ea31f5744df57cdce8a8f5890f
  original:
    hackage: acid-state-0.16.0
snapshots:
- completed:
    size: 523541
    url: https://raw.githubusercontent.com/commercialhaskell/stackage-snapshots/master/lts/14/23.yaml
    sha256: f761fe419a1a44fc3ef47f5bfb1853304d13320fc72b45d2798c08d21dabc23c
  original: lts-14.23
